
Microsoft Visual Studio Solution File, Format Version 12.00
# Visual Studio 14
VisualStudioVersion = 14.0.24720.0
MinimumVisualStudioVersion = 10.0.40219.1
Project("{F184B08F-C81C-45F6-A57F-5ABD9991F28F}") = "WpfApplication1", "WpfApplication1\WpfApplication1.vbproj", "{2F579EB0-F317-49B3-B841-7EBB246CBC58}"
EndProject
Project("{FAE04EC0-301F-11D3-BF4B-00C04F79EFBC}") = "EFSQLite", "EFSQLite\EFSQLite.csproj", "{67E982AF-3FC6-43E7-AC91-DBB26BA45EED}"
EndProject
Project("{FAE04EC0-301F-11D3-BF4B-00C04F79EFBC}") = "EFSQL", "EFSQL\EFSQL.csproj", "{D1B99D92-2671-46BD-A551-1078D0B46F7B}"
EndProject
Project("{FAE04EC0-301F-11D3-BF4B-00C04F79EFBC}") = "Notes_Manager_Mobile.Droid", "Notes Manager Mobile\Notes_Manager_Mobile.Droid\Notes_Manager_Mobile.Droid.csproj", "{28D5AA3A-E47D-41A4-ADCA-809A899DE5EA}"
EndProject
Project("{FAE04EC0-301F-11D3-BF4B-00C04F79EFBC}") = "Notes_Manager_Mobile.iOS", "Notes Manager Mobile\Notes_Manager_Mobile.iOS\Notes_Manager_Mobile.iOS.csproj", "{657638EE-DB41-426A-BD65-D182BEA0A238}"
EndProject
Project("{FAE04EC0-301F-11D3-BF4B-00C04F79EFBC}") = "Notes_Manager_Mobile.WinPhone", "Notes Manager Mobile\Notes_Manager_Mobile.WinPhone\Notes_Manager_Mobile.WinPhone.csproj", "{38E97DA8-8FCA-421B-B68D-B7F3A9F45809}"
EndProject
Project("{FAE04EC0-301F-11D3-BF4B-00C04F79EFBC}") = "Notes_Manager_Mobile.Windows", "Notes Manager Mobile\Notes_Manager_Mobile.Windows\Notes_Manager_Mobile.Windows.csproj", "{D11F4C0A-B957-4925-A7E8-5D5975824796}"
EndProject
Project("{FAE04EC0-301F-11D3-BF4B-00C04F79EFBC}") = "Notes_Manager_Mobile", "Notes Manager Mobile\Notes_Manager_Mobile\Notes_Manager_Mobile.csproj", "{B75CA4F7-304A-4968-8EA0-09324C270B16}"
EndProject
Project("{2150E333-8FDC-42A3-9474-1A3956D46DE8}") = "Targets", "Targets", "{B092EEF8-135D-4360-BD6E-D0F633E794A9}"
EndProject
Project("{F184B08F-C81C-45F6-A57F-5ABD9991F28F}") = "test", "test\test.vbproj", "{45F8876F-AB8C-4B15-AEAA-7C3FF207EE51}"
EndProject
Global
	GlobalSection(SolutionConfigurationPlatforms) = preSolution
		Ad-Hoc|Any CPU = Ad-Hoc|Any CPU
		Ad-Hoc|ARM = Ad-Hoc|ARM
		Ad-Hoc|iPhone = Ad-Hoc|iPhone
		Ad-Hoc|iPhoneSimulator = Ad-Hoc|iPhoneSimulator
		Ad-Hoc|x64 = Ad-Hoc|x64
		Ad-Hoc|x86 = Ad-Hoc|x86
		AppStore|Any CPU = AppStore|Any CPU
		AppStore|ARM = AppStore|ARM
		AppStore|iPhone = AppStore|iPhone
		AppStore|iPhoneSimulator = AppStore|iPhoneSimulator
		AppStore|x64 = AppStore|x64
		AppStore|x86 = AppStore|x86
		Debug|Any CPU = Debug|Any CPU
		Debug|ARM = Debug|ARM
		Debug|iPhone = Debug|iPhone
		Debug|iPhoneSimulator = Debug|iPhoneSimulator
		Debug|x64 = Debug|x64
		Debug|x86 = Debug|x86
		Release|Any CPU = Release|Any CPU
		Release|ARM = Release|ARM
		Release|iPhone = Release|iPhone
		Release|iPhoneSimulator = Release|iPhoneSimulator
		Release|x64 = Release|x64
		Release|x86 = Release|x86
	EndGlobalSection
	GlobalSection(ProjectConfigurationPlatforms) = postSolution
		{2F579EB0-F317-49B3-B841-7EBB246CBC58}.Ad-Hoc|Any CPU.ActiveCfg = Release|Any CPU
		{2F579EB0-F317-49B3-B841-7EBB246CBC58}.Ad-Hoc|Any CPU.Build.0 = Release|Any CPU
		{2F579EB0-F317-49B3-B841-7EBB246CBC58}.Ad-Hoc|ARM.ActiveCfg = Release|Any CPU
		{2F579EB0-F317-49B3-B841-7EBB246CBC58}.Ad-Hoc|ARM.Build.0 = Release|Any CPU
		{2F579EB0-F317-49B3-B841-7EBB246CBC58}.Ad-Hoc|iPhone.ActiveCfg = Release|Any CPU
		{2F579EB0-F317-49B3-B841-7EBB246CBC58}.Ad-Hoc|iPhone.Build.0 = Release|Any CPU
		{2F579EB0-F317-49B3-B841-7EBB246CBC58}.Ad-Hoc|iPhoneSimulator.ActiveCfg = Release|Any CPU
		{2F579EB0-F317-49B3-B841-7EBB246CBC58}.Ad-Hoc|iPhoneSimulator.Build.0 = Release|Any CPU
		{2F579EB0-F317-49B3-B841-7EBB246CBC58}.Ad-Hoc|x64.ActiveCfg = Release|x64
		{2F579EB0-F317-49B3-B841-7EBB246CBC58}.Ad-Hoc|x64.Build.0 = Release|x64
		{2F579EB0-F317-49B3-B841-7EBB246CBC58}.Ad-Hoc|x86.ActiveCfg = Release|Any CPU
		{2F579EB0-F317-49B3-B841-7EBB246CBC58}.Ad-Hoc|x86.Build.0 = Release|Any CPU
		{2F579EB0-F317-49B3-B841-7EBB246CBC58}.AppStore|Any CPU.ActiveCfg = Release|Any CPU
		{2F579EB0-F317-49B3-B841-7EBB246CBC58}.AppStore|Any CPU.Build.0 = Release|Any CPU
		{2F579EB0-F317-49B3-B841-7EBB246CBC58}.AppStore|ARM.ActiveCfg = Release|Any CPU
		{2F579EB0-F317-49B3-B841-7EBB246CBC58}.AppStore|ARM.Build.0 = Release|Any CPU
		{2F579EB0-F317-49B3-B841-7EBB246CBC58}.AppStore|iPhone.ActiveCfg = Release|Any CPU
		{2F579EB0-F317-49B3-B841-7EBB246CBC58}.AppStore|iPhone.Build.0 = Release|Any CPU
		{2F579EB0-F317-49B3-B841-7EBB246CBC58}.AppStore|iPhoneSimulator.ActiveCfg = Release|Any CPU
		{2F579EB0-F317-49B3-B841-7EBB246CBC58}.AppStore|iPhoneSimulator.Build.0 = Release|Any CPU
		{2F579EB0-F317-49B3-B841-7EBB246CBC58}.AppStore|x64.ActiveCfg = Release|x64
		{2F579EB0-F317-49B3-B841-7EBB246CBC58}.AppStore|x64.Build.0 = Release|x64
		{2F579EB0-F317-49B3-B841-7EBB246CBC58}.AppStore|x86.ActiveCfg = Release|Any CPU
		{2F579EB0-F317-49B3-B841-7EBB246CBC58}.AppStore|x86.Build.0 = Release|Any CPU
		{2F579EB0-F317-49B3-B841-7EBB246CBC58}.Debug|Any CPU.ActiveCfg = Debug|Any CPU
		{2F579EB0-F317-49B3-B841-7EBB246CBC58}.Debug|Any CPU.Build.0 = Debug|Any CPU
		{2F579EB0-F317-49B3-B841-7EBB246CBC58}.Debug|ARM.ActiveCfg = Debug|Any CPU
		{2F579EB0-F317-49B3-B841-7EBB246CBC58}.Debug|ARM.Build.0 = Debug|Any CPU
		{2F579EB0-F317-49B3-B841-7EBB246CBC58}.Debug|iPhone.ActiveCfg = Debug|Any CPU
		{2F579EB0-F317-49B3-B841-7EBB246CBC58}.Debug|iPhone.Build.0 = Debug|Any CPU
		{2F579EB0-F317-49B3-B841-7EBB246CBC58}.Debug|iPhoneSimulator.ActiveCfg = Debug|Any CPU
		{2F579EB0-F317-49B3-B841-7EBB246CBC58}.Debug|iPhoneSimulator.Build.0 = Debug|Any CPU
		{2F579EB0-F317-49B3-B841-7EBB246CBC58}.Debug|x64.ActiveCfg = Debug|x64
		{2F579EB0-F317-49B3-B841-7EBB246CBC58}.Debug|x64.Build.0 = Debug|x64
		{2F579EB0-F317-49B3-B841-7EBB246CBC58}.Debug|x86.ActiveCfg = Debug|Any CPU
		{2F579EB0-F317-49B3-B841-7EBB246CBC58}.Debug|x86.Build.0 = Debug|Any CPU
		{2F579EB0-F317-49B3-B841-7EBB246CBC58}.Release|Any CPU.ActiveCfg = Release|Any CPU
		{2F579EB0-F317-49B3-B841-7EBB246CBC58}.Release|Any CPU.Build.0 = Release|Any CPU
		{2F579EB0-F317-49B3-B841-7EBB246CBC58}.Release|ARM.ActiveCfg = Release|Any CPU
		{2F579EB0-F317-49B3-B841-7EBB246CBC58}.Release|ARM.Build.0 = Release|Any CPU
		{2F579EB0-F317-49B3-B841-7EBB246CBC58}.Release|iPhone.ActiveCfg = Release|Any CPU
		{2F579EB0-F317-49B3-B841-7EBB246CBC58}.Release|iPhone.Build.0 = Release|Any CPU
		{2F579EB0-F317-49B3-B841-7EBB246CBC58}.Release|iPhoneSimulator.ActiveCfg = Release|Any CPU
		{2F579EB0-F317-49B3-B841-7EBB246CBC58}.Release|iPhoneSimulator.Build.0 = Release|Any CPU
		{2F579EB0-F317-49B3-B841-7EBB246CBC58}.Release|x64.ActiveCfg = Release|x64
		{2F579EB0-F317-49B3-B841-7EBB246CBC58}.Release|x64.Build.0 = Release|x64
		{2F579EB0-F317-49B3-B841-7EBB246CBC58}.Release|x86.ActiveCfg = Release|Any CPU
		{2F579EB0-F317-49B3-B841-7EBB246CBC58}.Release|x86.Build.0 = Release|Any CPU
		{67E982AF-3FC6-43E7-AC91-DBB26BA45EED}.Ad-Hoc|Any CPU.ActiveCfg = Release|Any CPU
		{67E982AF-3FC6-43E7-AC91-DBB26BA45EED}.Ad-Hoc|Any CPU.Build.0 = Release|Any CPU
		{67E982AF-3FC6-43E7-AC91-DBB26BA45EED}.Ad-Hoc|ARM.ActiveCfg = Release|Any CPU
		{67E982AF-3FC6-43E7-AC91-DBB26BA45EED}.Ad-Hoc|ARM.Build.0 = Release|Any CPU
		{67E982AF-3FC6-43E7-AC91-DBB26BA45EED}.Ad-Hoc|iPhone.ActiveCfg = Release|Any CPU
		{67E982AF-3FC6-43E7-AC91-DBB26BA45EED}.Ad-Hoc|iPhone.Build.0 = Release|Any CPU
		{67E982AF-3FC6-43E7-AC91-DBB26BA45EED}.Ad-Hoc|iPhoneSimulator.ActiveCfg = Release|Any CPU
		{67E982AF-3FC6-43E7-AC91-DBB26BA45EED}.Ad-Hoc|iPhoneSimulator.Build.0 = Release|Any CPU
		{67E982AF-3FC6-43E7-AC91-DBB26BA45EED}.Ad-Hoc|x64.ActiveCfg = Release|Any CPU
		{67E982AF-3FC6-43E7-AC91-DBB26BA45EED}.Ad-Hoc|x64.Build.0 = Release|Any CPU
		{67E982AF-3FC6-43E7-AC91-DBB26BA45EED}.Ad-Hoc|x86.ActiveCfg = Release|Any CPU
		{67E982AF-3FC6-43E7-AC91-DBB26BA45EED}.Ad-Hoc|x86.Build.0 = Release|Any CPU
		{67E982AF-3FC6-43E7-AC91-DBB26BA45EED}.AppStore|Any CPU.ActiveCfg = Release|Any CPU
		{67E982AF-3FC6-43E7-AC91-DBB26BA45EED}.AppStore|Any CPU.Build.0 = Release|Any CPU
		{67E982AF-3FC6-43E7-AC91-DBB26BA45EED}.AppStore|ARM.ActiveCfg = Release|Any CPU
		{67E982AF-3FC6-43E7-AC91-DBB26BA45EED}.AppStore|ARM.Build.0 = Release|Any CPU
		{67E982AF-3FC6-43E7-AC91-DBB26BA45EED}.AppStore|iPhone.ActiveCfg = Release|Any CPU
		{67E982AF-3FC6-43E7-AC91-DBB26BA45EED}.AppStore|iPhone.Build.0 = Release|Any CPU
		{67E982AF-3FC6-43E7-AC91-DBB26BA45EED}.AppStore|iPhoneSimulator.ActiveCfg = Release|Any CPU
		{67E982AF-3FC6-43E7-AC91-DBB26BA45EED}.AppStore|iPhoneSimulator.Build.0 = Release|Any CPU
		{67E982AF-3FC6-43E7-AC91-DBB26BA45EED}.AppStore|x64.ActiveCfg = Release|Any CPU
		{67E982AF-3FC6-43E7-AC91-DBB26BA45EED}.AppStore|x64.Build.0 = Release|Any CPU
		{67E982AF-3FC6-43E7-AC91-DBB26BA45EED}.AppStore|x86.ActiveCfg = Release|Any CPU
		{67E982AF-3FC6-43E7-AC91-DBB26BA45EED}.AppStore|x86.Build.0 = Release|Any CPU
		{67E982AF-3FC6-43E7-AC91-DBB26BA45EED}.Debug|Any CPU.ActiveCfg = Debug|Any CPU
		{67E982AF-3FC6-43E7-AC91-DBB26BA45EED}.Debug|Any CPU.Build.0 = Debug|Any CPU
		{67E982AF-3FC6-43E7-AC91-DBB26BA45EED}.Debug|ARM.ActiveCfg = Debug|Any CPU
		{67E982AF-3FC6-43E7-AC91-DBB26BA45EED}.Debug|ARM.Build.0 = Debug|Any CPU
		{67E982AF-3FC6-43E7-AC91-DBB26BA45EED}.Debug|iPhone.ActiveCfg = Debug|Any CPU
		{67E982AF-3FC6-43E7-AC91-DBB26BA45EED}.Debug|iPhone.Build.0 = Debug|Any CPU
		{67E982AF-3FC6-43E7-AC91-DBB26BA45EED}.Debug|iPhoneSimulator.ActiveCfg = Debug|Any CPU
		{67E982AF-3FC6-43E7-AC91-DBB26BA45EED}.Debug|iPhoneSimulator.Build.0 = Debug|Any CPU
		{67E982AF-3FC6-43E7-AC91-DBB26BA45EED}.Debug|x64.ActiveCfg = Debug|Any CPU
		{67E982AF-3FC6-43E7-AC91-DBB26BA45EED}.Debug|x64.Build.0 = Debug|Any CPU
		{67E982AF-3FC6-43E7-AC91-DBB26BA45EED}.Debug|x86.ActiveCfg = Debug|Any CPU
		{67E982AF-3FC6-43E7-AC91-DBB26BA45EED}.Debug|x86.Build.0 = Debug|Any CPU
		{67E982AF-3FC6-43E7-AC91-DBB26BA45EED}.Release|Any CPU.ActiveCfg = Release|Any CPU
		{67E982AF-3FC6-43E7-AC91-DBB26BA45EED}.Release|Any CPU.Build.0 = Release|Any CPU
		{67E982AF-3FC6-43E7-AC91-DBB26BA45EED}.Release|ARM.ActiveCfg = Release|Any CPU
		{67E982AF-3FC6-43E7-AC91-DBB26BA45EED}.Release|ARM.Build.0 = Release|Any CPU
		{67E982AF-3FC6-43E7-AC91-DBB26BA45EED}.Release|iPhone.ActiveCfg = Release|Any CPU
		{67E982AF-3FC6-43E7-AC91-DBB26BA45EED}.Release|iPhone.Build.0 = Release|Any CPU
		{67E982AF-3FC6-43E7-AC91-DBB26BA45EED}.Release|iPhoneSimulator.ActiveCfg = Release|Any CPU
		{67E982AF-3FC6-43E7-AC91-DBB26BA45EED}.Release|iPhoneSimulator.Build.0 = Release|Any CPU
		{67E982AF-3FC6-43E7-AC91-DBB26BA45EED}.Release|x64.ActiveCfg = Release|Any CPU
		{67E982AF-3FC6-43E7-AC91-DBB26BA45EED}.Release|x64.Build.0 = Release|Any CPU
		{67E982AF-3FC6-43E7-AC91-DBB26BA45EED}.Release|x86.ActiveCfg = Release|Any CPU
		{67E982AF-3FC6-43E7-AC91-DBB26BA45EED}.Release|x86.Build.0 = Release|Any CPU
		{D1B99D92-2671-46BD-A551-1078D0B46F7B}.Ad-Hoc|Any CPU.ActiveCfg = Release|Any CPU
		{D1B99D92-2671-46BD-A551-1078D0B46F7B}.Ad-Hoc|Any CPU.Build.0 = Release|Any CPU
		{D1B99D92-2671-46BD-A551-1078D0B46F7B}.Ad-Hoc|ARM.ActiveCfg = Release|Any CPU
		{D1B99D92-2671-46BD-A551-1078D0B46F7B}.Ad-Hoc|ARM.Build.0 = Release|Any CPU
		{D1B99D92-2671-46BD-A551-1078D0B46F7B}.Ad-Hoc|iPhone.ActiveCfg = Release|Any CPU
		{D1B99D92-2671-46BD-A551-1078D0B46F7B}.Ad-Hoc|iPhone.Build.0 = Release|Any CPU
		{D1B99D92-2671-46BD-A551-1078D0B46F7B}.Ad-Hoc|iPhoneSimulator.ActiveCfg = Release|Any CPU
		{D1B99D92-2671-46BD-A551-1078D0B46F7B}.Ad-Hoc|iPhoneSimulator.Build.0 = Release|Any CPU
		{D1B99D92-2671-46BD-A551-1078D0B46F7B}.Ad-Hoc|x64.ActiveCfg = Release|Any CPU
		{D1B99D92-2671-46BD-A551-1078D0B46F7B}.Ad-Hoc|x64.Build.0 = Release|Any CPU
		{D1B99D92-2671-46BD-A551-1078D0B46F7B}.Ad-Hoc|x86.ActiveCfg = Release|Any CPU
		{D1B99D92-2671-46BD-A551-1078D0B46F7B}.Ad-Hoc|x86.Build.0 = Release|Any CPU
		{D1B99D92-2671-46BD-A551-1078D0B46F7B}.AppStore|Any CPU.ActiveCfg = Release|Any CPU
		{D1B99D92-2671-46BD-A551-1078D0B46F7B}.AppStore|Any CPU.Build.0 = Release|Any CPU
		{D1B99D92-2671-46BD-A551-1078D0B46F7B}.AppStore|ARM.ActiveCfg = Release|Any CPU
		{D1B99D92-2671-46BD-A551-1078D0B46F7B}.AppStore|ARM.Build.0 = Release|Any CPU
		{D1B99D92-2671-46BD-A551-1078D0B46F7B}.AppStore|iPhone.ActiveCfg = Release|Any CPU
		{D1B99D92-2671-46BD-A551-1078D0B46F7B}.AppStore|iPhone.Build.0 = Release|Any CPU
		{D1B99D92-2671-46BD-A551-1078D0B46F7B}.AppStore|iPhoneSimulator.ActiveCfg = Release|Any CPU
		{D1B99D92-2671-46BD-A551-1078D0B46F7B}.AppStore|iPhoneSimulator.Build.0 = Release|Any CPU
		{D1B99D92-2671-46BD-A551-1078D0B46F7B}.AppStore|x64.ActiveCfg = Release|Any CPU
		{D1B99D92-2671-46BD-A551-1078D0B46F7B}.AppStore|x64.Build.0 = Release|Any CPU
		{D1B99D92-2671-46BD-A551-1078D0B46F7B}.AppStore|x86.ActiveCfg = Release|Any CPU
		{D1B99D92-2671-46BD-A551-1078D0B46F7B}.AppStore|x86.Build.0 = Release|Any CPU
		{D1B99D92-2671-46BD-A551-1078D0B46F7B}.Debug|Any CPU.ActiveCfg = Debug|Any CPU
		{D1B99D92-2671-46BD-A551-1078D0B46F7B}.Debug|Any CPU.Build.0 = Debug|Any CPU
		{D1B99D92-2671-46BD-A551-1078D0B46F7B}.Debug|ARM.ActiveCfg = Debug|Any CPU
		{D1B99D92-2671-46BD-A551-1078D0B46F7B}.Debug|ARM.Build.0 = Debug|Any CPU
		{D1B99D92-2671-46BD-A551-1078D0B46F7B}.Debug|iPhone.ActiveCfg = Debug|Any CPU
		{D1B99D92-2671-46BD-A551-1078D0B46F7B}.Debug|iPhone.Build.0 = Debug|Any CPU
		{D1B99D92-2671-46BD-A551-1078D0B46F7B}.Debug|iPhoneSimulator.ActiveCfg = Debug|Any CPU
		{D1B99D92-2671-46BD-A551-1078D0B46F7B}.Debug|iPhoneSimulator.Build.0 = Debug|Any CPU
		{D1B99D92-2671-46BD-A551-1078D0B46F7B}.Debug|x64.ActiveCfg = Debug|Any CPU
		{D1B99D92-2671-46BD-A551-1078D0B46F7B}.Debug|x64.Build.0 = Debug|Any CPU
		{D1B99D92-2671-46BD-A551-1078D0B46F7B}.Debug|x86.ActiveCfg = Debug|Any CPU
		{D1B99D92-2671-46BD-A551-1078D0B46F7B}.Debug|x86.Build.0 = Debug|Any CPU
		{D1B99D92-2671-46BD-A551-1078D0B46F7B}.Release|Any CPU.ActiveCfg = Release|Any CPU
		{D1B99D92-2671-46BD-A551-1078D0B46F7B}.Release|Any CPU.Build.0 = Release|Any CPU
		{D1B99D92-2671-46BD-A551-1078D0B46F7B}.Release|ARM.ActiveCfg = Release|Any CPU
		{D1B99D92-2671-46BD-A551-1078D0B46F7B}.Release|ARM.Build.0 = Release|Any CPU
		{D1B99D92-2671-46BD-A551-1078D0B46F7B}.Release|iPhone.ActiveCfg = Release|Any CPU
		{D1B99D92-2671-46BD-A551-1078D0B46F7B}.Release|iPhone.Build.0 = Release|Any CPU
		{D1B99D92-2671-46BD-A551-1078D0B46F7B}.Release|iPhoneSimulator.ActiveCfg = Release|Any CPU
		{D1B99D92-2671-46BD-A551-1078D0B46F7B}.Release|iPhoneSimulator.Build.0 = Release|Any CPU
		{D1B99D92-2671-46BD-A551-1078D0B46F7B}.Release|x64.ActiveCfg = Release|Any CPU
		{D1B99D92-2671-46BD-A551-1078D0B46F7B}.Release|x64.Build.0 = Release|Any CPU
		{D1B99D92-2671-46BD-A551-1078D0B46F7B}.Release|x86.ActiveCfg = Release|Any CPU
		{D1B99D92-2671-46BD-A551-1078D0B46F7B}.Release|x86.Build.0 = Release|Any CPU
		{28D5AA3A-E47D-41A4-ADCA-809A899DE5EA}.Ad-Hoc|Any CPU.ActiveCfg = Release|Any CPU
		{28D5AA3A-E47D-41A4-ADCA-809A899DE5EA}.Ad-Hoc|Any CPU.Build.0 = Release|Any CPU
		{28D5AA3A-E47D-41A4-ADCA-809A899DE5EA}.Ad-Hoc|Any CPU.Deploy.0 = Release|Any CPU
		{28D5AA3A-E47D-41A4-ADCA-809A899DE5EA}.Ad-Hoc|ARM.ActiveCfg = Release|Any CPU
		{28D5AA3A-E47D-41A4-ADCA-809A899DE5EA}.Ad-Hoc|ARM.Build.0 = Release|Any CPU
		{28D5AA3A-E47D-41A4-ADCA-809A899DE5EA}.Ad-Hoc|ARM.Deploy.0 = Release|Any CPU
		{28D5AA3A-E47D-41A4-ADCA-809A899DE5EA}.Ad-Hoc|iPhone.ActiveCfg = Release|Any CPU
		{28D5AA3A-E47D-41A4-ADCA-809A899DE5EA}.Ad-Hoc|iPhone.Build.0 = Release|Any CPU
		{28D5AA3A-E47D-41A4-ADCA-809A899DE5EA}.Ad-Hoc|iPhone.Deploy.0 = Release|Any CPU
		{28D5AA3A-E47D-41A4-ADCA-809A899DE5EA}.Ad-Hoc|iPhoneSimulator.ActiveCfg = Release|Any CPU
		{28D5AA3A-E47D-41A4-ADCA-809A899DE5EA}.Ad-Hoc|iPhoneSimulator.Build.0 = Release|Any CPU
		{28D5AA3A-E47D-41A4-ADCA-809A899DE5EA}.Ad-Hoc|iPhoneSimulator.Deploy.0 = Release|Any CPU
		{28D5AA3A-E47D-41A4-ADCA-809A899DE5EA}.Ad-Hoc|x64.ActiveCfg = Release|Any CPU
		{28D5AA3A-E47D-41A4-ADCA-809A899DE5EA}.Ad-Hoc|x64.Build.0 = Release|Any CPU
		{28D5AA3A-E47D-41A4-ADCA-809A899DE5EA}.Ad-Hoc|x64.Deploy.0 = Release|Any CPU
		{28D5AA3A-E47D-41A4-ADCA-809A899DE5EA}.Ad-Hoc|x86.ActiveCfg = Release|Any CPU
		{28D5AA3A-E47D-41A4-ADCA-809A899DE5EA}.Ad-Hoc|x86.Build.0 = Release|Any CPU
		{28D5AA3A-E47D-41A4-ADCA-809A899DE5EA}.Ad-Hoc|x86.Deploy.0 = Release|Any CPU
		{28D5AA3A-E47D-41A4-ADCA-809A899DE5EA}.AppStore|Any CPU.ActiveCfg = Release|Any CPU
		{28D5AA3A-E47D-41A4-ADCA-809A899DE5EA}.AppStore|Any CPU.Build.0 = Release|Any CPU
		{28D5AA3A-E47D-41A4-ADCA-809A899DE5EA}.AppStore|Any CPU.Deploy.0 = Release|Any CPU
		{28D5AA3A-E47D-41A4-ADCA-809A899DE5EA}.AppStore|ARM.ActiveCfg = Release|Any CPU
		{28D5AA3A-E47D-41A4-ADCA-809A899DE5EA}.AppStore|ARM.Build.0 = Release|Any CPU
		{28D5AA3A-E47D-41A4-ADCA-809A899DE5EA}.AppStore|ARM.Deploy.0 = Release|Any CPU
		{28D5AA3A-E47D-41A4-ADCA-809A899DE5EA}.AppStore|iPhone.ActiveCfg = Release|Any CPU
		{28D5AA3A-E47D-41A4-ADCA-809A899DE5EA}.AppStore|iPhone.Build.0 = Release|Any CPU
		{28D5AA3A-E47D-41A4-ADCA-809A899DE5EA}.AppStore|iPhone.Deploy.0 = Release|Any CPU
		{28D5AA3A-E47D-41A4-ADCA-809A899DE5EA}.AppStore|iPhoneSimulator.ActiveCfg = Release|Any CPU
		{28D5AA3A-E47D-41A4-ADCA-809A899DE5EA}.AppStore|iPhoneSimulator.Build.0 = Release|Any CPU
		{28D5AA3A-E47D-41A4-ADCA-809A899DE5EA}.AppStore|iPhoneSimulator.Deploy.0 = Release|Any CPU
		{28D5AA3A-E47D-41A4-ADCA-809A899DE5EA}.AppStore|x64.ActiveCfg = Release|Any CPU
		{28D5AA3A-E47D-41A4-ADCA-809A899DE5EA}.AppStore|x64.Build.0 = Release|Any CPU
		{28D5AA3A-E47D-41A4-ADCA-809A899DE5EA}.AppStore|x64.Deploy.0 = Release|Any CPU
		{28D5AA3A-E47D-41A4-ADCA-809A899DE5EA}.AppStore|x86.ActiveCfg = Release|Any CPU
		{28D5AA3A-E47D-41A4-ADCA-809A899DE5EA}.AppStore|x86.Build.0 = Release|Any CPU
		{28D5AA3A-E47D-41A4-ADCA-809A899DE5EA}.AppStore|x86.Deploy.0 = Release|Any CPU
		{28D5AA3A-E47D-41A4-ADCA-809A899DE5EA}.Debug|Any CPU.ActiveCfg = Debug|Any CPU
		{28D5AA3A-E47D-41A4-ADCA-809A899DE5EA}.Debug|Any CPU.Build.0 = Debug|Any CPU
		{28D5AA3A-E47D-41A4-ADCA-809A899DE5EA}.Debug|Any CPU.Deploy.0 = Debug|Any CPU
		{28D5AA3A-E47D-41A4-ADCA-809A899DE5EA}.Debug|ARM.ActiveCfg = Debug|Any CPU
		{28D5AA3A-E47D-41A4-ADCA-809A899DE5EA}.Debug|ARM.Build.0 = Debug|Any CPU
		{28D5AA3A-E47D-41A4-ADCA-809A899DE5EA}.Debug|ARM.Deploy.0 = Debug|Any CPU
		{28D5AA3A-E47D-41A4-ADCA-809A899DE5EA}.Debug|iPhone.ActiveCfg = Debug|Any CPU
		{28D5AA3A-E47D-41A4-ADCA-809A899DE5EA}.Debug|iPhone.Build.0 = Debug|Any CPU
		{28D5AA3A-E47D-41A4-ADCA-809A899DE5EA}.Debug|iPhone.Deploy.0 = Debug|Any CPU
		{28D5AA3A-E47D-41A4-ADCA-809A899DE5EA}.Debug|iPhoneSimulator.ActiveCfg = Debug|Any CPU
		{28D5AA3A-E47D-41A4-ADCA-809A899DE5EA}.Debug|iPhoneSimulator.Build.0 = Debug|Any CPU
		{28D5AA3A-E47D-41A4-ADCA-809A899DE5EA}.Debug|iPhoneSimulator.Deploy.0 = Debug|Any CPU
		{28D5AA3A-E47D-41A4-ADCA-809A899DE5EA}.Debug|x64.ActiveCfg = Debug|Any CPU
		{28D5AA3A-E47D-41A4-ADCA-809A899DE5EA}.Debug|x64.Build.0 = Debug|Any CPU
		{28D5AA3A-E47D-41A4-ADCA-809A899DE5EA}.Debug|x64.Deploy.0 = Debug|Any CPU
		{28D5AA3A-E47D-41A4-ADCA-809A899DE5EA}.Debug|x86.ActiveCfg = Debug|Any CPU
		{28D5AA3A-E47D-41A4-ADCA-809A899DE5EA}.Debug|x86.Build.0 = Debug|Any CPU
		{28D5AA3A-E47D-41A4-ADCA-809A899DE5EA}.Debug|x86.Deploy.0 = Debug|Any CPU
		{28D5AA3A-E47D-41A4-ADCA-809A899DE5EA}.Release|Any CPU.ActiveCfg = Release|Any CPU
		{28D5AA3A-E47D-41A4-ADCA-809A899DE5EA}.Release|Any CPU.Build.0 = Release|Any CPU
		{28D5AA3A-E47D-41A4-ADCA-809A899DE5EA}.Release|Any CPU.Deploy.0 = Release|Any CPU
		{28D5AA3A-E47D-41A4-ADCA-809A899DE5EA}.Release|ARM.ActiveCfg = Release|Any CPU
		{28D5AA3A-E47D-41A4-ADCA-809A899DE5EA}.Release|ARM.Build.0 = Release|Any CPU
		{28D5AA3A-E47D-41A4-ADCA-809A899DE5EA}.Release|ARM.Deploy.0 = Release|Any CPU
		{28D5AA3A-E47D-41A4-ADCA-809A899DE5EA}.Release|iPhone.ActiveCfg = Release|Any CPU
		{28D5AA3A-E47D-41A4-ADCA-809A899DE5EA}.Release|iPhone.Build.0 = Release|Any CPU
		{28D5AA3A-E47D-41A4-ADCA-809A899DE5EA}.Release|iPhone.Deploy.0 = Release|Any CPU
		{28D5AA3A-E47D-41A4-ADCA-809A899DE5EA}.Release|iPhoneSimulator.ActiveCfg = Release|Any CPU
		{28D5AA3A-E47D-41A4-ADCA-809A899DE5EA}.Release|iPhoneSimulator.Build.0 = Release|Any CPU
		{28D5AA3A-E47D-41A4-ADCA-809A899DE5EA}.Release|iPhoneSimulator.Deploy.0 = Release|Any CPU
		{28D5AA3A-E47D-41A4-ADCA-809A899DE5EA}.Release|x64.ActiveCfg = Release|Any CPU
		{28D5AA3A-E47D-41A4-ADCA-809A899DE5EA}.Release|x64.Build.0 = Release|Any CPU
		{28D5AA3A-E47D-41A4-ADCA-809A899DE5EA}.Release|x64.Deploy.0 = Release|Any CPU
		{28D5AA3A-E47D-41A4-ADCA-809A899DE5EA}.Release|x86.ActiveCfg = Release|Any CPU
		{28D5AA3A-E47D-41A4-ADCA-809A899DE5EA}.Release|x86.Build.0 = Release|Any CPU
		{28D5AA3A-E47D-41A4-ADCA-809A899DE5EA}.Release|x86.Deploy.0 = Release|Any CPU
		{657638EE-DB41-426A-BD65-D182BEA0A238}.Ad-Hoc|Any CPU.ActiveCfg = Ad-Hoc|iPhone
		{657638EE-DB41-426A-BD65-D182BEA0A238}.Ad-Hoc|ARM.ActiveCfg = Ad-Hoc|iPhone
		{657638EE-DB41-426A-BD65-D182BEA0A238}.Ad-Hoc|iPhone.ActiveCfg = Ad-Hoc|iPhone
		{657638EE-DB41-426A-BD65-D182BEA0A238}.Ad-Hoc|iPhone.Build.0 = Ad-Hoc|iPhone
		{657638EE-DB41-426A-BD65-D182BEA0A238}.Ad-Hoc|iPhoneSimulator.ActiveCfg = Ad-Hoc|iPhoneSimulator
		{657638EE-DB41-426A-BD65-D182BEA0A238}.Ad-Hoc|iPhoneSimulator.Build.0 = Ad-Hoc|iPhoneSimulator
		{657638EE-DB41-426A-BD65-D182BEA0A238}.Ad-Hoc|x64.ActiveCfg = Ad-Hoc|iPhone
		{657638EE-DB41-426A-BD65-D182BEA0A238}.Ad-Hoc|x86.ActiveCfg = Ad-Hoc|iPhone
		{657638EE-DB41-426A-BD65-D182BEA0A238}.AppStore|Any CPU.ActiveCfg = AppStore|iPhone
		{657638EE-DB41-426A-BD65-D182BEA0A238}.AppStore|ARM.ActiveCfg = AppStore|iPhone
		{657638EE-DB41-426A-BD65-D182BEA0A238}.AppStore|iPhone.ActiveCfg = AppStore|iPhone
		{657638EE-DB41-426A-BD65-D182BEA0A238}.AppStore|iPhone.Build.0 = AppStore|iPhone
		{657638EE-DB41-426A-BD65-D182BEA0A238}.AppStore|iPhoneSimulator.ActiveCfg = AppStore|iPhoneSimulator
		{657638EE-DB41-426A-BD65-D182BEA0A238}.AppStore|iPhoneSimulator.Build.0 = AppStore|iPhoneSimulator
		{657638EE-DB41-426A-BD65-D182BEA0A238}.AppStore|x64.ActiveCfg = AppStore|iPhone
		{657638EE-DB41-426A-BD65-D182BEA0A238}.AppStore|x86.ActiveCfg = AppStore|iPhone
		{657638EE-DB41-426A-BD65-D182BEA0A238}.Debug|Any CPU.ActiveCfg = Debug|iPhone
		{657638EE-DB41-426A-BD65-D182BEA0A238}.Debug|ARM.ActiveCfg = Debug|iPhone
		{657638EE-DB41-426A-BD65-D182BEA0A238}.Debug|iPhone.ActiveCfg = Debug|iPhone
		{657638EE-DB41-426A-BD65-D182BEA0A238}.Debug|iPhone.Build.0 = Debug|iPhone
		{657638EE-DB41-426A-BD65-D182BEA0A238}.Debug|iPhoneSimulator.ActiveCfg = Debug|iPhoneSimulator
		{657638EE-DB41-426A-BD65-D182BEA0A238}.Debug|iPhoneSimulator.Build.0 = Debug|iPhoneSimulator
		{657638EE-DB41-426A-BD65-D182BEA0A238}.Debug|x64.ActiveCfg = Debug|iPhone
		{657638EE-DB41-426A-BD65-D182BEA0A238}.Debug|x86.ActiveCfg = Debug|iPhone
		{657638EE-DB41-426A-BD65-D182BEA0A238}.Release|Any CPU.ActiveCfg = Release|iPhone
		{657638EE-DB41-426A-BD65-D182BEA0A238}.Release|ARM.ActiveCfg = Release|iPhone
		{657638EE-DB41-426A-BD65-D182BEA0A238}.Release|iPhone.ActiveCfg = Release|iPhone
		{657638EE-DB41-426A-BD65-D182BEA0A238}.Release|iPhone.Build.0 = Release|iPhone
		{657638EE-DB41-426A-BD65-D182BEA0A238}.Release|iPhoneSimulator.ActiveCfg = Release|iPhoneSimulator
		{657638EE-DB41-426A-BD65-D182BEA0A238}.Release|iPhoneSimulator.Build.0 = Release|iPhoneSimulator
		{657638EE-DB41-426A-BD65-D182BEA0A238}.Release|x64.ActiveCfg = Release|iPhone
		{657638EE-DB41-426A-BD65-D182BEA0A238}.Release|x86.ActiveCfg = Release|iPhone
		{38E97DA8-8FCA-421B-B68D-B7F3A9F45809}.Ad-Hoc|Any CPU.ActiveCfg = Release|Any CPU
		{38E97DA8-8FCA-421B-B68D-B7F3A9F45809}.Ad-Hoc|Any CPU.Build.0 = Release|Any CPU
		{38E97DA8-8FCA-421B-B68D-B7F3A9F45809}.Ad-Hoc|Any CPU.Deploy.0 = Release|Any CPU
		{38E97DA8-8FCA-421B-B68D-B7F3A9F45809}.Ad-Hoc|ARM.ActiveCfg = Release|ARM
		{38E97DA8-8FCA-421B-B68D-B7F3A9F45809}.Ad-Hoc|ARM.Build.0 = Release|ARM
		{38E97DA8-8FCA-421B-B68D-B7F3A9F45809}.Ad-Hoc|ARM.Deploy.0 = Release|ARM
		{38E97DA8-8FCA-421B-B68D-B7F3A9F45809}.Ad-Hoc|iPhone.ActiveCfg = Release|Any CPU
		{38E97DA8-8FCA-421B-B68D-B7F3A9F45809}.Ad-Hoc|iPhone.Build.0 = Release|Any CPU
		{38E97DA8-8FCA-421B-B68D-B7F3A9F45809}.Ad-Hoc|iPhone.Deploy.0 = Release|Any CPU
		{38E97DA8-8FCA-421B-B68D-B7F3A9F45809}.Ad-Hoc|iPhoneSimulator.ActiveCfg = Release|Any CPU
		{38E97DA8-8FCA-421B-B68D-B7F3A9F45809}.Ad-Hoc|iPhoneSimulator.Build.0 = Release|Any CPU
		{38E97DA8-8FCA-421B-B68D-B7F3A9F45809}.Ad-Hoc|iPhoneSimulator.Deploy.0 = Release|Any CPU
		{38E97DA8-8FCA-421B-B68D-B7F3A9F45809}.Ad-Hoc|x64.ActiveCfg = Release|Any CPU
		{38E97DA8-8FCA-421B-B68D-B7F3A9F45809}.Ad-Hoc|x64.Build.0 = Release|Any CPU
		{38E97DA8-8FCA-421B-B68D-B7F3A9F45809}.Ad-Hoc|x64.Deploy.0 = Release|Any CPU
		{38E97DA8-8FCA-421B-B68D-B7F3A9F45809}.Ad-Hoc|x86.ActiveCfg = Release|x86
		{38E97DA8-8FCA-421B-B68D-B7F3A9F45809}.Ad-Hoc|x86.Build.0 = Release|x86
		{38E97DA8-8FCA-421B-B68D-B7F3A9F45809}.Ad-Hoc|x86.Deploy.0 = Release|x86
		{38E97DA8-8FCA-421B-B68D-B7F3A9F45809}.AppStore|Any CPU.ActiveCfg = Release|Any CPU
		{38E97DA8-8FCA-421B-B68D-B7F3A9F45809}.AppStore|Any CPU.Build.0 = Release|Any CPU
		{38E97DA8-8FCA-421B-B68D-B7F3A9F45809}.AppStore|Any CPU.Deploy.0 = Release|Any CPU
		{38E97DA8-8FCA-421B-B68D-B7F3A9F45809}.AppStore|ARM.ActiveCfg = Release|ARM
		{38E97DA8-8FCA-421B-B68D-B7F3A9F45809}.AppStore|ARM.Build.0 = Release|ARM
		{38E97DA8-8FCA-421B-B68D-B7F3A9F45809}.AppStore|ARM.Deploy.0 = Release|ARM
		{38E97DA8-8FCA-421B-B68D-B7F3A9F45809}.AppStore|iPhone.ActiveCfg = Release|Any CPU
		{38E97DA8-8FCA-421B-B68D-B7F3A9F45809}.AppStore|iPhone.Build.0 = Release|Any CPU
		{38E97DA8-8FCA-421B-B68D-B7F3A9F45809}.AppStore|iPhone.Deploy.0 = Release|Any CPU
		{38E97DA8-8FCA-421B-B68D-B7F3A9F45809}.AppStore|iPhoneSimulator.ActiveCfg = Release|Any CPU
		{38E97DA8-8FCA-421B-B68D-B7F3A9F45809}.AppStore|iPhoneSimulator.Build.0 = Release|Any CPU
		{38E97DA8-8FCA-421B-B68D-B7F3A9F45809}.AppStore|iPhoneSimulator.Deploy.0 = Release|Any CPU
		{38E97DA8-8FCA-421B-B68D-B7F3A9F45809}.AppStore|x64.ActiveCfg = Release|Any CPU
		{38E97DA8-8FCA-421B-B68D-B7F3A9F45809}.AppStore|x64.Build.0 = Release|Any CPU
		{38E97DA8-8FCA-421B-B68D-B7F3A9F45809}.AppStore|x64.Deploy.0 = Release|Any CPU
		{38E97DA8-8FCA-421B-B68D-B7F3A9F45809}.AppStore|x86.ActiveCfg = Release|x86
		{38E97DA8-8FCA-421B-B68D-B7F3A9F45809}.AppStore|x86.Build.0 = Release|x86
		{38E97DA8-8FCA-421B-B68D-B7F3A9F45809}.AppStore|x86.Deploy.0 = Release|x86
		{38E97DA8-8FCA-421B-B68D-B7F3A9F45809}.Debug|Any CPU.ActiveCfg = Debug|Any CPU
		{38E97DA8-8FCA-421B-B68D-B7F3A9F45809}.Debug|Any CPU.Build.0 = Debug|Any CPU
		{38E97DA8-8FCA-421B-B68D-B7F3A9F45809}.Debug|Any CPU.Deploy.0 = Debug|Any CPU
		{38E97DA8-8FCA-421B-B68D-B7F3A9F45809}.Debug|ARM.ActiveCfg = Debug|ARM
		{38E97DA8-8FCA-421B-B68D-B7F3A9F45809}.Debug|ARM.Build.0 = Debug|ARM
		{38E97DA8-8FCA-421B-B68D-B7F3A9F45809}.Debug|ARM.Deploy.0 = Debug|ARM
		{38E97DA8-8FCA-421B-B68D-B7F3A9F45809}.Debug|iPhone.ActiveCfg = Debug|Any CPU
		{38E97DA8-8FCA-421B-B68D-B7F3A9F45809}.Debug|iPhone.Build.0 = Debug|Any CPU
		{38E97DA8-8FCA-421B-B68D-B7F3A9F45809}.Debug|iPhone.Deploy.0 = Debug|Any CPU
		{38E97DA8-8FCA-421B-B68D-B7F3A9F45809}.Debug|iPhoneSimulator.ActiveCfg = Debug|Any CPU
		{38E97DA8-8FCA-421B-B68D-B7F3A9F45809}.Debug|iPhoneSimulator.Build.0 = Debug|Any CPU
		{38E97DA8-8FCA-421B-B68D-B7F3A9F45809}.Debug|iPhoneSimulator.Deploy.0 = Debug|Any CPU
		{38E97DA8-8FCA-421B-B68D-B7F3A9F45809}.Debug|x64.ActiveCfg = Debug|Any CPU
		{38E97DA8-8FCA-421B-B68D-B7F3A9F45809}.Debug|x64.Build.0 = Debug|Any CPU
		{38E97DA8-8FCA-421B-B68D-B7F3A9F45809}.Debug|x64.Deploy.0 = Debug|Any CPU
		{38E97DA8-8FCA-421B-B68D-B7F3A9F45809}.Debug|x86.ActiveCfg = Debug|x86
		{38E97DA8-8FCA-421B-B68D-B7F3A9F45809}.Debug|x86.Build.0 = Debug|x86
		{38E97DA8-8FCA-421B-B68D-B7F3A9F45809}.Debug|x86.Deploy.0 = Debug|x86
		{38E97DA8-8FCA-421B-B68D-B7F3A9F45809}.Release|Any CPU.ActiveCfg = Release|Any CPU
		{38E97DA8-8FCA-421B-B68D-B7F3A9F45809}.Release|Any CPU.Build.0 = Release|Any CPU
		{38E97DA8-8FCA-421B-B68D-B7F3A9F45809}.Release|Any CPU.Deploy.0 = Release|Any CPU
		{38E97DA8-8FCA-421B-B68D-B7F3A9F45809}.Release|ARM.ActiveCfg = Release|ARM
		{38E97DA8-8FCA-421B-B68D-B7F3A9F45809}.Release|ARM.Build.0 = Release|ARM
		{38E97DA8-8FCA-421B-B68D-B7F3A9F45809}.Release|ARM.Deploy.0 = Release|ARM
		{38E97DA8-8FCA-421B-B68D-B7F3A9F45809}.Release|iPhone.ActiveCfg = Release|Any CPU
		{38E97DA8-8FCA-421B-B68D-B7F3A9F45809}.Release|iPhone.Build.0 = Release|Any CPU
		{38E97DA8-8FCA-421B-B68D-B7F3A9F45809}.Release|iPhone.Deploy.0 = Release|Any CPU
		{38E97DA8-8FCA-421B-B68D-B7F3A9F45809}.Release|iPhoneSimulator.ActiveCfg = Release|Any CPU
		{38E97DA8-8FCA-421B-B68D-B7F3A9F45809}.Release|iPhoneSimulator.Build.0 = Release|Any CPU
		{38E97DA8-8FCA-421B-B68D-B7F3A9F45809}.Release|iPhoneSimulator.Deploy.0 = Release|Any CPU
		{38E97DA8-8FCA-421B-B68D-B7F3A9F45809}.Release|x64.ActiveCfg = Release|Any CPU
		{38E97DA8-8FCA-421B-B68D-B7F3A9F45809}.Release|x64.Build.0 = Release|Any CPU
		{38E97DA8-8FCA-421B-B68D-B7F3A9F45809}.Release|x64.Deploy.0 = Release|Any CPU
		{38E97DA8-8FCA-421B-B68D-B7F3A9F45809}.Release|x86.ActiveCfg = Release|x86
		{38E97DA8-8FCA-421B-B68D-B7F3A9F45809}.Release|x86.Build.0 = Release|x86
		{38E97DA8-8FCA-421B-B68D-B7F3A9F45809}.Release|x86.Deploy.0 = Release|x86
		{D11F4C0A-B957-4925-A7E8-5D5975824796}.Ad-Hoc|Any CPU.ActiveCfg = Release|Any CPU
		{D11F4C0A-B957-4925-A7E8-5D5975824796}.Ad-Hoc|Any CPU.Build.0 = Release|Any CPU
		{D11F4C0A-B957-4925-A7E8-5D5975824796}.Ad-Hoc|Any CPU.Deploy.0 = Release|Any CPU
		{D11F4C0A-B957-4925-A7E8-5D5975824796}.Ad-Hoc|ARM.ActiveCfg = Release|ARM
		{D11F4C0A-B957-4925-A7E8-5D5975824796}.Ad-Hoc|ARM.Build.0 = Release|ARM
		{D11F4C0A-B957-4925-A7E8-5D5975824796}.Ad-Hoc|ARM.Deploy.0 = Release|ARM
		{D11F4C0A-B957-4925-A7E8-5D5975824796}.Ad-Hoc|iPhone.ActiveCfg = Release|Any CPU
		{D11F4C0A-B957-4925-A7E8-5D5975824796}.Ad-Hoc|iPhone.Build.0 = Release|Any CPU
		{D11F4C0A-B957-4925-A7E8-5D5975824796}.Ad-Hoc|iPhone.Deploy.0 = Release|Any CPU
		{D11F4C0A-B957-4925-A7E8-5D5975824796}.Ad-Hoc|iPhoneSimulator.ActiveCfg = Release|Any CPU
		{D11F4C0A-B957-4925-A7E8-5D5975824796}.Ad-Hoc|iPhoneSimulator.Build.0 = Release|Any CPU
		{D11F4C0A-B957-4925-A7E8-5D5975824796}.Ad-Hoc|iPhoneSimulator.Deploy.0 = Release|Any CPU
		{D11F4C0A-B957-4925-A7E8-5D5975824796}.Ad-Hoc|x64.ActiveCfg = Release|x64
		{D11F4C0A-B957-4925-A7E8-5D5975824796}.Ad-Hoc|x64.Build.0 = Release|x64
		{D11F4C0A-B957-4925-A7E8-5D5975824796}.Ad-Hoc|x64.Deploy.0 = Release|x64
		{D11F4C0A-B957-4925-A7E8-5D5975824796}.Ad-Hoc|x86.ActiveCfg = Release|x86
		{D11F4C0A-B957-4925-A7E8-5D5975824796}.Ad-Hoc|x86.Build.0 = Release|x86
		{D11F4C0A-B957-4925-A7E8-5D5975824796}.Ad-Hoc|x86.Deploy.0 = Release|x86
		{D11F4C0A-B957-4925-A7E8-5D5975824796}.AppStore|Any CPU.ActiveCfg = Release|Any CPU
		{D11F4C0A-B957-4925-A7E8-5D5975824796}.AppStore|Any CPU.Build.0 = Release|Any CPU
		{D11F4C0A-B957-4925-A7E8-5D5975824796}.AppStore|Any CPU.Deploy.0 = Release|Any CPU
		{D11F4C0A-B957-4925-A7E8-5D5975824796}.AppStore|ARM.ActiveCfg = Release|ARM
		{D11F4C0A-B957-4925-A7E8-5D5975824796}.AppStore|ARM.Build.0 = Release|ARM
		{D11F4C0A-B957-4925-A7E8-5D5975824796}.AppStore|ARM.Deploy.0 = Release|ARM
		{D11F4C0A-B957-4925-A7E8-5D5975824796}.AppStore|iPhone.ActiveCfg = Release|Any CPU
		{D11F4C0A-B957-4925-A7E8-5D5975824796}.AppStore|iPhone.Build.0 = Release|Any CPU
		{D11F4C0A-B957-4925-A7E8-5D5975824796}.AppStore|iPhone.Deploy.0 = Release|Any CPU
		{D11F4C0A-B957-4925-A7E8-5D5975824796}.AppStore|iPhoneSimulator.ActiveCfg = Release|Any CPU
		{D11F4C0A-B957-4925-A7E8-5D5975824796}.AppStore|iPhoneSimulator.Build.0 = Release|Any CPU
		{D11F4C0A-B957-4925-A7E8-5D5975824796}.AppStore|iPhoneSimulator.Deploy.0 = Release|Any CPU
		{D11F4C0A-B957-4925-A7E8-5D5975824796}.AppStore|x64.ActiveCfg = Release|x64
		{D11F4C0A-B957-4925-A7E8-5D5975824796}.AppStore|x64.Build.0 = Release|x64
		{D11F4C0A-B957-4925-A7E8-5D5975824796}.AppStore|x64.Deploy.0 = Release|x64
		{D11F4C0A-B957-4925-A7E8-5D5975824796}.AppStore|x86.ActiveCfg = Release|x86
		{D11F4C0A-B957-4925-A7E8-5D5975824796}.AppStore|x86.Build.0 = Release|x86
		{D11F4C0A-B957-4925-A7E8-5D5975824796}.AppStore|x86.Deploy.0 = Release|x86
		{D11F4C0A-B957-4925-A7E8-5D5975824796}.Debug|Any CPU.ActiveCfg = Debug|Any CPU
		{D11F4C0A-B957-4925-A7E8-5D5975824796}.Debug|Any CPU.Build.0 = Debug|Any CPU
		{D11F4C0A-B957-4925-A7E8-5D5975824796}.Debug|Any CPU.Deploy.0 = Debug|Any CPU
		{D11F4C0A-B957-4925-A7E8-5D5975824796}.Debug|ARM.ActiveCfg = Debug|ARM
		{D11F4C0A-B957-4925-A7E8-5D5975824796}.Debug|ARM.Build.0 = Debug|ARM
		{D11F4C0A-B957-4925-A7E8-5D5975824796}.Debug|ARM.Deploy.0 = Debug|ARM
		{D11F4C0A-B957-4925-A7E8-5D5975824796}.Debug|iPhone.ActiveCfg = Debug|Any CPU
		{D11F4C0A-B957-4925-A7E8-5D5975824796}.Debug|iPhone.Build.0 = Debug|Any CPU
		{D11F4C0A-B957-4925-A7E8-5D5975824796}.Debug|iPhone.Deploy.0 = Debug|Any CPU
		{D11F4C0A-B957-4925-A7E8-5D5975824796}.Debug|iPhoneSimulator.ActiveCfg = Debug|Any CPU
		{D11F4C0A-B957-4925-A7E8-5D5975824796}.Debug|iPhoneSimulator.Build.0 = Debug|Any CPU
		{D11F4C0A-B957-4925-A7E8-5D5975824796}.Debug|iPhoneSimulator.Deploy.0 = Debug|Any CPU
		{D11F4C0A-B957-4925-A7E8-5D5975824796}.Debug|x64.ActiveCfg = Debug|x64
		{D11F4C0A-B957-4925-A7E8-5D5975824796}.Debug|x64.Build.0 = Debug|x64
		{D11F4C0A-B957-4925-A7E8-5D5975824796}.Debug|x64.Deploy.0 = Debug|x64
		{D11F4C0A-B957-4925-A7E8-5D5975824796}.Debug|x86.ActiveCfg = Debug|x86
		{D11F4C0A-B957-4925-A7E8-5D5975824796}.Debug|x86.Build.0 = Debug|x86
		{D11F4C0A-B957-4925-A7E8-5D5975824796}.Debug|x86.Deploy.0 = Debug|x86
		{D11F4C0A-B957-4925-A7E8-5D5975824796}.Release|Any CPU.ActiveCfg = Release|Any CPU
		{D11F4C0A-B957-4925-A7E8-5D5975824796}.Release|Any CPU.Build.0 = Release|Any CPU
		{D11F4C0A-B957-4925-A7E8-5D5975824796}.Release|Any CPU.Deploy.0 = Release|Any CPU
		{D11F4C0A-B957-4925-A7E8-5D5975824796}.Release|ARM.ActiveCfg = Release|ARM
		{D11F4C0A-B957-4925-A7E8-5D5975824796}.Release|ARM.Build.0 = Release|ARM
		{D11F4C0A-B957-4925-A7E8-5D5975824796}.Release|ARM.Deploy.0 = Release|ARM
		{D11F4C0A-B957-4925-A7E8-5D5975824796}.Release|iPhone.ActiveCfg = Release|Any CPU
		{D11F4C0A-B957-4925-A7E8-5D5975824796}.Release|iPhone.Build.0 = Release|Any CPU
		{D11F4C0A-B957-4925-A7E8-5D5975824796}.Release|iPhone.Deploy.0 = Release|Any CPU
		{D11F4C0A-B957-4925-A7E8-5D5975824796}.Release|iPhoneSimulator.ActiveCfg = Release|Any CPU
		{D11F4C0A-B957-4925-A7E8-5D5975824796}.Release|iPhoneSimulator.Build.0 = Release|Any CPU
		{D11F4C0A-B957-4925-A7E8-5D5975824796}.Release|iPhoneSimulator.Deploy.0 = Release|Any CPU
		{D11F4C0A-B957-4925-A7E8-5D5975824796}.Release|x64.ActiveCfg = Release|x64
		{D11F4C0A-B957-4925-A7E8-5D5975824796}.Release|x64.Build.0 = Release|x64
		{D11F4C0A-B957-4925-A7E8-5D5975824796}.Release|x64.Deploy.0 = Release|x64
		{D11F4C0A-B957-4925-A7E8-5D5975824796}.Release|x86.ActiveCfg = Release|x86
		{D11F4C0A-B957-4925-A7E8-5D5975824796}.Release|x86.Build.0 = Release|x86
		{D11F4C0A-B957-4925-A7E8-5D5975824796}.Release|x86.Deploy.0 = Release|x86
		{B75CA4F7-304A-4968-8EA0-09324C270B16}.Ad-Hoc|Any CPU.ActiveCfg = Release|Any CPU
		{B75CA4F7-304A-4968-8EA0-09324C270B16}.Ad-Hoc|Any CPU.Build.0 = Release|Any CPU
		{B75CA4F7-304A-4968-8EA0-09324C270B16}.Ad-Hoc|ARM.ActiveCfg = Release|Any CPU
		{B75CA4F7-304A-4968-8EA0-09324C270B16}.Ad-Hoc|ARM.Build.0 = Release|Any CPU
		{B75CA4F7-304A-4968-8EA0-09324C270B16}.Ad-Hoc|iPhone.ActiveCfg = Release|Any CPU
		{B75CA4F7-304A-4968-8EA0-09324C270B16}.Ad-Hoc|iPhone.Build.0 = Release|Any CPU
		{B75CA4F7-304A-4968-8EA0-09324C270B16}.Ad-Hoc|iPhoneSimulator.ActiveCfg = Release|Any CPU
		{B75CA4F7-304A-4968-8EA0-09324C270B16}.Ad-Hoc|iPhoneSimulator.Build.0 = Release|Any CPU
		{B75CA4F7-304A-4968-8EA0-09324C270B16}.Ad-Hoc|x64.ActiveCfg = Release|Any CPU
		{B75CA4F7-304A-4968-8EA0-09324C270B16}.Ad-Hoc|x64.Build.0 = Release|Any CPU
		{B75CA4F7-304A-4968-8EA0-09324C270B16}.Ad-Hoc|x86.ActiveCfg = Release|Any CPU
		{B75CA4F7-304A-4968-8EA0-09324C270B16}.Ad-Hoc|x86.Build.0 = Release|Any CPU
		{B75CA4F7-304A-4968-8EA0-09324C270B16}.AppStore|Any CPU.ActiveCfg = Release|Any CPU
		{B75CA4F7-304A-4968-8EA0-09324C270B16}.AppStore|Any CPU.Build.0 = Release|Any CPU
		{B75CA4F7-304A-4968-8EA0-09324C270B16}.AppStore|ARM.ActiveCfg = Release|Any CPU
		{B75CA4F7-304A-4968-8EA0-09324C270B16}.AppStore|ARM.Build.0 = Release|Any CPU
		{B75CA4F7-304A-4968-8EA0-09324C270B16}.AppStore|iPhone.ActiveCfg = Release|Any CPU
		{B75CA4F7-304A-4968-8EA0-09324C270B16}.AppStore|iPhone.Build.0 = Release|Any CPU
		{B75CA4F7-304A-4968-8EA0-09324C270B16}.AppStore|iPhoneSimulator.ActiveCfg = Release|Any CPU
		{B75CA4F7-304A-4968-8EA0-09324C270B16}.AppStore|iPhoneSimulator.Build.0 = Release|Any CPU
		{B75CA4F7-304A-4968-8EA0-09324C270B16}.AppStore|x64.ActiveCfg = Release|Any CPU
		{B75CA4F7-304A-4968-8EA0-09324C270B16}.AppStore|x64.Build.0 = Release|Any CPU
		{B75CA4F7-304A-4968-8EA0-09324C270B16}.AppStore|x86.ActiveCfg = Release|Any CPU
		{B75CA4F7-304A-4968-8EA0-09324C270B16}.AppStore|x86.Build.0 = Release|Any CPU
		{B75CA4F7-304A-4968-8EA0-09324C270B16}.Debug|Any CPU.ActiveCfg = Debug|Any CPU
		{B75CA4F7-304A-4968-8EA0-09324C270B16}.Debug|Any CPU.Build.0 = Debug|Any CPU
		{B75CA4F7-304A-4968-8EA0-09324C270B16}.Debug|ARM.ActiveCfg = Debug|Any CPU
		{B75CA4F7-304A-4968-8EA0-09324C270B16}.Debug|ARM.Build.0 = Debug|Any CPU
		{B75CA4F7-304A-4968-8EA0-09324C270B16}.Debug|iPhone.ActiveCfg = Debug|Any CPU
		{B75CA4F7-304A-4968-8EA0-09324C270B16}.Debug|iPhone.Build.0 = Debug|Any CPU
		{B75CA4F7-304A-4968-8EA0-09324C270B16}.Debug|iPhoneSimulator.ActiveCfg = Debug|Any CPU
		{B75CA4F7-304A-4968-8EA0-09324C270B16}.Debug|iPhoneSimulator.Build.0 = Debug|Any CPU
		{B75CA4F7-304A-4968-8EA0-09324C270B16}.Debug|x64.ActiveCfg = Debug|Any CPU
		{B75CA4F7-304A-4968-8EA0-09324C270B16}.Debug|x64.Build.0 = Debug|Any CPU
		{B75CA4F7-304A-4968-8EA0-09324C270B16}.Debug|x86.ActiveCfg = Debug|Any CPU
		{B75CA4F7-304A-4968-8EA0-09324C270B16}.Debug|x86.Build.0 = Debug|Any CPU
		{B75CA4F7-304A-4968-8EA0-09324C270B16}.Release|Any CPU.ActiveCfg = Release|Any CPU
		{B75CA4F7-304A-4968-8EA0-09324C270B16}.Release|Any CPU.Build.0 = Release|Any CPU
		{B75CA4F7-304A-4968-8EA0-09324C270B16}.Release|ARM.ActiveCfg = Release|Any CPU
		{B75CA4F7-304A-4968-8EA0-09324C270B16}.Release|ARM.Build.0 = Release|Any CPU
		{B75CA4F7-304A-4968-8EA0-09324C270B16}.Release|iPhone.ActiveCfg = Release|Any CPU
		{B75CA4F7-304A-4968-8EA0-09324C270B16}.Release|iPhone.Build.0 = Release|Any CPU
		{B75CA4F7-304A-4968-8EA0-09324C270B16}.Release|iPhoneSimulator.ActiveCfg = Release|Any CPU
		{B75CA4F7-304A-4968-8EA0-09324C270B16}.Release|iPhoneSimulator.Build.0 = Release|Any CPU
		{B75CA4F7-304A-4968-8EA0-09324C270B16}.Release|x64.ActiveCfg = Release|Any CPU
		{B75CA4F7-304A-4968-8EA0-09324C270B16}.Release|x64.Build.0 = Release|Any CPU
		{B75CA4F7-304A-4968-8EA0-09324C270B16}.Release|x86.ActiveCfg = Release|Any CPU
		{B75CA4F7-304A-4968-8EA0-09324C270B16}.Release|x86.Build.0 = Release|Any CPU
		{45F8876F-AB8C-4B15-AEAA-7C3FF207EE51}.Ad-Hoc|Any CPU.ActiveCfg = Release|Any CPU
		{45F8876F-AB8C-4B15-AEAA-7C3FF207EE51}.Ad-Hoc|Any CPU.Build.0 = Release|Any CPU
		{45F8876F-AB8C-4B15-AEAA-7C3FF207EE51}.Ad-Hoc|ARM.ActiveCfg = Release|Any CPU
		{45F8876F-AB8C-4B15-AEAA-7C3FF207EE51}.Ad-Hoc|ARM.Build.0 = Release|Any CPU
		{45F8876F-AB8C-4B15-AEAA-7C3FF207EE51}.Ad-Hoc|iPhone.ActiveCfg = Release|Any CPU
		{45F8876F-AB8C-4B15-AEAA-7C3FF207EE51}.Ad-Hoc|iPhone.Build.0 = Release|Any CPU
		{45F8876F-AB8C-4B15-AEAA-7C3FF207EE51}.Ad-Hoc|iPhoneSimulator.ActiveCfg = Release|Any CPU
		{45F8876F-AB8C-4B15-AEAA-7C3FF207EE51}.Ad-Hoc|iPhoneSimulator.Build.0 = Release|Any CPU
		{45F8876F-AB8C-4B15-AEAA-7C3FF207EE51}.Ad-Hoc|x64.ActiveCfg = Release|Any CPU
		{45F8876F-AB8C-4B15-AEAA-7C3FF207EE51}.Ad-Hoc|x64.Build.0 = Release|Any CPU
		{45F8876F-AB8C-4B15-AEAA-7C3FF207EE51}.Ad-Hoc|x86.ActiveCfg = Release|Any CPU
		{45F8876F-AB8C-4B15-AEAA-7C3FF207EE51}.Ad-Hoc|x86.Build.0 = Release|Any CPU
		{45F8876F-AB8C-4B15-AEAA-7C3FF207EE51}.AppStore|Any CPU.ActiveCfg = Release|Any CPU
		{45F8876F-AB8C-4B15-AEAA-7C3FF207EE51}.AppStore|Any CPU.Build.0 = Release|Any CPU
		{45F8876F-AB8C-4B15-AEAA-7C3FF207EE51}.AppStore|ARM.ActiveCfg = Release|Any CPU
		{45F8876F-AB8C-4B15-AEAA-7C3FF207EE51}.AppStore|ARM.Build.0 = Release|Any CPU
		{45F8876F-AB8C-4B15-AEAA-7C3FF207EE51}.AppStore|iPhone.ActiveCfg = Release|Any CPU
		{45F8876F-AB8C-4B15-AEAA-7C3FF207EE51}.AppStore|iPhone.Build.0 = Release|Any CPU
		{45F8876F-AB8C-4B15-AEAA-7C3FF207EE51}.AppStore|iPhoneSimulator.ActiveCfg = Release|Any CPU
		{45F8876F-AB8C-4B15-AEAA-7C3FF207EE51}.AppStore|iPhoneSimulator.Build.0 = Release|Any CPU
		{45F8876F-AB8C-4B15-AEAA-7C3FF207EE51}.AppStore|x64.ActiveCfg = Release|Any CPU
		{45F8876F-AB8C-4B15-AEAA-7C3FF207EE51}.AppStore|x64.Build.0 = Release|Any CPU
		{45F8876F-AB8C-4B15-AEAA-7C3FF207EE51}.AppStore|x86.ActiveCfg = Release|Any CPU
		{45F8876F-AB8C-4B15-AEAA-7C3FF207EE51}.AppStore|x86.Build.0 = Release|Any CPU
		{45F8876F-AB8C-4B15-AEAA-7C3FF207EE51}.Debug|Any CPU.ActiveCfg = Debug|Any CPU
		{45F8876F-AB8C-4B15-AEAA-7C3FF207EE51}.Debug|Any CPU.Build.0 = Debug|Any CPU
		{45F8876F-AB8C-4B15-AEAA-7C3FF207EE51}.Debug|ARM.ActiveCfg = Debug|Any CPU
		{45F8876F-AB8C-4B15-AEAA-7C3FF207EE51}.Debug|ARM.Build.0 = Debug|Any CPU
		{45F8876F-AB8C-4B15-AEAA-7C3FF207EE51}.Debug|iPhone.ActiveCfg = Debug|Any CPU
		{45F8876F-AB8C-4B15-AEAA-7C3FF207EE51}.Debug|iPhone.Build.0 = Debug|Any CPU
		{45F8876F-AB8C-4B15-AEAA-7C3FF207EE51}.Debug|iPhoneSimulator.ActiveCfg = Debug|Any CPU
		{45F8876F-AB8C-4B15-AEAA-7C3FF207EE51}.Debug|iPhoneSimulator.Build.0 = Debug|Any CPU
		{45F8876F-AB8C-4B15-AEAA-7C3FF207EE51}.Debug|x64.ActiveCfg = Debug|Any CPU
		{45F8876F-AB8C-4B15-AEAA-7C3FF207EE51}.Debug|x64.Build.0 = Debug|Any CPU
		{45F8876F-AB8C-4B15-AEAA-7C3FF207EE51}.Debug|x86.ActiveCfg = Debug|Any CPU
		{45F8876F-AB8C-4B15-AEAA-7C3FF207EE51}.Debug|x86.Build.0 = Debug|Any CPU
		{45F8876F-AB8C-4B15-AEAA-7C3FF207EE51}.Release|Any CPU.ActiveCfg = Release|Any CPU
		{45F8876F-AB8C-4B15-AEAA-7C3FF207EE51}.Release|Any CPU.Build.0 = Release|Any CPU
		{45F8876F-AB8C-4B15-AEAA-7C3FF207EE51}.Release|ARM.ActiveCfg = Release|Any CPU
		{45F8876F-AB8C-4B15-AEAA-7C3FF207EE51}.Release|ARM.Build.0 = Release|Any CPU
		{45F8876F-AB8C-4B15-AEAA-7C3FF207EE51}.Release|iPhone.ActiveCfg = Release|Any CPU
		{45F8876F-AB8C-4B15-AEAA-7C3FF207EE51}.Release|iPhone.Build.0 = Release|Any CPU
		{45F8876F-AB8C-4B15-AEAA-7C3FF207EE51}.Release|iPhoneSimulator.ActiveCfg = Release|Any CPU
		{45F8876F-AB8C-4B15-AEAA-7C3FF207EE51}.Release|iPhoneSimulator.Build.0 = Release|Any CPU
		{45F8876F-AB8C-4B15-AEAA-7C3FF207EE51}.Release|x64.ActiveCfg = Release|Any CPU
		{45F8876F-AB8C-4B15-AEAA-7C3FF207EE51}.Release|x64.Build.0 = Release|Any CPU
		{45F8876F-AB8C-4B15-AEAA-7C3FF207EE51}.Release|x86.ActiveCfg = Release|Any CPU
		{45F8876F-AB8C-4B15-AEAA-7C3FF207EE51}.Release|x86.Build.0 = Release|Any CPU
	EndGlobalSection
	GlobalSection(SolutionProperties) = preSolution
		HideSolutionNode = FALSE
	EndGlobalSection
	GlobalSection(NestedProjects) = preSolution
		{28D5AA3A-E47D-41A4-ADCA-809A899DE5EA} = {B092EEF8-135D-4360-BD6E-D0F633E794A9}
		{657638EE-DB41-426A-BD65-D182BEA0A238} = {B092EEF8-135D-4360-BD6E-D0F633E794A9}
		{38E97DA8-8FCA-421B-B68D-B7F3A9F45809} = {B092EEF8-135D-4360-BD6E-D0F633E794A9}
		{D11F4C0A-B957-4925-A7E8-5D5975824796} = {B092EEF8-135D-4360-BD6E-D0F633E794A9}
	EndGlobalSection
EndGlobal
